
Microsoft Visual Studio Solution File, Format Version 11.00
# Visual Studio 2010
Project("{FAE04EC0-301F-11D3-BF4B-00C04F79EFBC}") = "NewAssembly", "NewAssembly.csproj", "{420d73c5-f40e-cbbd-c276-aaf6059b2213}"
EndProject
Project("{FAE04EC0-301F-11D3-BF4B-00C04F79EFBC}") = "Editor", "Editor.csproj", "{de0dec9f-7c85-a1b9-af1d-eae6ba51af15}"
EndProject
Project("{FAE04EC0-301F-11D3-BF4B-00C04F79EFBC}") = "Assembly-CSharp", "Assembly-CSharp.csproj", "{9de73e79-4a10-d4df-f136-c212922002e4}"
EndProject
Global
	GlobalSection(SolutionConfigurationPlatforms) = preSolution
		Debug|Any CPU = Debug|Any CPU
	EndGlobalSection
	GlobalSection(ProjectConfigurationPlatforms) = postSolution
		{420d73c5-f40e-cbbd-c276-aaf6059b2213}.Debug|Any CPU.ActiveCfg = Debug|Any CPU
		{420d73c5-f40e-cbbd-c276-aaf6059b2213}.Debug|Any CPU.Build.0 = Debug|Any CPU
		{de0dec9f-7c85-a1b9-af1d-eae6ba51af15}.Debug|Any CPU.ActiveCfg = Debug|Any CPU
		{de0dec9f-7c85-a1b9-af1d-eae6ba51af15}.Debug|Any CPU.Build.0 = Debug|Any CPU
		{9de73e79-4a10-d4df-f136-c212922002e4}.Debug|Any CPU.ActiveCfg = Debug|Any CPU
		{9de73e79-4a10-d4df-f136-c212922002e4}.Debug|Any CPU.Build.0 = Debug|Any CPU
	EndGlobalSection
	GlobalSection(SolutionProperties) = preSolution
		HideSolutionNode = FALSE
	EndGlobalSection
EndGlobal
